# THIS IS AN AUTOGENERATED FILE. DO NOT EDIT THIS FILE DIRECTLY.
# yarn lockfile v1


pyright@^1.0.81:
  version "1.0.81"
  resolved "https://registry.yarnpkg.com/pyright/-/pyright-1.0.81.tgz#12d775b62b469a26552a256b698abd206b2cd26f"
  integrity sha512-ATaqYTTbYIfqF90HFutSWXNSQ7MJyda9iS8wBM9kXGbmdaT3adtPyHX+EKqRyxVEqCk3Az9ODARZJFLkPxYB6g==
